
Microsoft Visual Studio Solution File, Format Version 12.00
# Visual Studio Version 17
VisualStudioVersion = 17.4.33205.214
MinimumVisualStudioVersion = 10.0.40219.1
Project("{FAE04EC0-301F-11D3-BF4B-00C04F79EFBC}") = "Deliverable_5", "Deliverable_5\Deliverable_5.csproj", "{37213067-6631-4DE0-B49F-925D3C5D890D}"
EndProject
Global
	GlobalSection(SolutionConfigurationPlatforms) = preSolution
		Debug|Any CPU = Debug|Any CPU
		Release|Any CPU = Release|Any CPU
	EndGlobalSection
	GlobalSection(ProjectConfigurationPlatforms) = postSolution
		{37213067-6631-4DE0-B49F-925D3C5D890D}.Debug|Any CPU.ActiveCfg = Debug|Any CPU
		{37213067-6631-4DE0-B49F-925D3C5D890D}.Debug|Any CPU.Build.0 = Debug|Any CPU
		{37213067-6631-4DE0-B49F-925D3C5D890D}.Release|Any CPU.ActiveCfg = Release|Any CPU
		{37213067-6631-4DE0-B49F-925D3C5D890D}.Release|Any CPU.Build.0 = Release|Any CPU
	EndGlobalSection
	GlobalSection(SolutionProperties) = preSolution
		HideSolutionNode = FALSE
	EndGlobalSection
	GlobalSection(ExtensibilityGlobals) = postSolution
		SolutionGuid = {BEEA117D-2440-4A44-8A78-E4CFB040FF98}
	EndGlobalSection
EndGlobal
